// !$*UTF8*$!
{
	archiveVersion = 1;
	classes = {
	};
	objectVersion = 55;
	objects = {

/* Begin PBXBuildFile section */
		101D74A927D5B0CF00B5DC5C /* makeColorCodableAgain.swift in Sources */ = {isa = PBXBuildFile; fileRef = 101D74A827D5B0CF00B5DC5C /* makeColorCodableAgain.swift */; };
		105650FA27C47900002E049E /* keyword_item_saverApp.swift in Sources */ = {isa = PBXBuildFile; fileRef = 105650F927C47900002E049E /* keyword_item_saverApp.swift */; };
		105650FC27C47900002E049E /* ContentView.swift in Sources */ = {isa = PBXBuildFile; fileRef = 105650FB27C47900002E049E /* ContentView.swift */; };
		105650FE27C47901002E049E /* Assets.xcassets in Resources */ = {isa = PBXBuildFile; fileRef = 105650FD27C47901002E049E /* Assets.xcassets */; };
		1056510127C47901002E049E /* Preview Assets.xcassets in Resources */ = {isa = PBXBuildFile; fileRef = 1056510027C47901002E049E /* Preview Assets.xcassets */; };
		1056510B27C47901002E049E /* keyword_item_saverTests.swift in Sources */ = {isa = PBXBuildFile; fileRef = 1056510A27C47901002E049E /* keyword_item_saverTests.swift */; };
		1056511527C47901002E049E /* keyword_item_saverUITests.swift in Sources */ = {isa = PBXBuildFile; fileRef = 1056511427C47901002E049E /* keyword_item_saverUITests.swift */; };
		1056511727C47901002E049E /* keyword_item_saverUITestsLaunchTests.swift in Sources */ = {isa = PBXBuildFile; fileRef = 1056511627C47901002E049E /* keyword_item_saverUITestsLaunchTests.swift */; };
/* End PBXBuildFile section */

/* Begin PBXContainerItemProxy section */
		1056510727C47901002E049E /* PBXContainerItemProxy */ = {
			isa = PBXContainerItemProxy;
			containerPortal = 105650EE27C47900002E049E /* Project object */;
			proxyType = 1;
			remoteGlobalIDString = 105650F527C47900002E049E;
			remoteInfo = "keyword item saver";
		};
		1056511127C47901002E049E /* PBXContainerItemProxy */ = {
			isa = PBXContainerItemProxy;
			containerPortal = 105650EE27C47900002E049E /* Project object */;
			proxyType = 1;
			remoteGlobalIDString = 105650F527C47900002E049E;
			remoteInfo = "keyword item saver";
		};
/* End PBXContainerItemProxy section */

/* Begin PBXFileReference section */
		101D74A827D5B0CF00B5DC5C /* makeColorCodableAgain.swift */ = {isa = PBXFileReference; lastKnownFileType = sourcecode.swift; path = makeColorCodableAgain.swift; sourceTree = "<group>"; };
		105650F627C47900002E049E /* keyword item saver.app */ = {isa = PBXFileReference; explicitFileType = wrapper.application; includeInIndex = 0; path = "keyword item saver.app"; sourceTree = BUILT_PRODUCTS_DIR; };
		105650F927C47900002E049E /* keyword_item_saverApp.swift */ = {isa = PBXFileReference; lastKnownFileType = sourcecode.swift; path = keyword_item_saverApp.swift; sourceTree = "<group>"; };
		105650FB27C47900002E049E /* ContentView.swift */ = {isa = PBXFileReference; lastKnownFileType = sourcecode.swift; path = ContentView.swift; sourceTree = "<group>"; };
		105650FD27C47901002E049E /* Assets.xcassets */ = {isa = PBXFileReference; lastKnownFileType = folder.assetcatalog; path = Assets.xcassets; sourceTree = "<group>"; };
		1056510027C47901002E049E /* Preview Assets.xcassets */ = {isa = PBXFileReference; lastKnownFileType = folder.assetcatalog; path = "Preview Assets.xcassets"; sourceTree = "<group>"; };
		1056510627C47901002E049E /* keyword item saverTests.xctest */ = {isa = PBXFileReference; explicitFileType = wrapper.cfbundle; includeInIndex = 0; path = "keyword item saverTests.xctest"; sourceTree = BUILT_PRODUCTS_DIR; };
		1056510A27C47901002E049E /* keyword_item_saverTests.swift */ = {isa = PBXFileReference; lastKnownFileType = sourcecode.swift; path = keyword_item_saverTests.swift; sourceTree = "<group>"; };
		1056511027C47901002E049E /* keyword item saverUITests.xctest */ = {isa = PBXFileReference; explicitFileType = wrapper.cfbundle; includeInIndex = 0; path = "keyword item saverUITests.xctest"; sourceTree = BUILT_PRODUCTS_DIR; };
		1056511427C47901002E049E /* keyword_item_saverUITests.swift */ = {isa = PBXFileReference; lastKnownFileType = sourcecode.swift; path = keyword_item_saverUITests.swift; sourceTree = "<group>"; };
		1056511627C47901002E049E /* keyword_item_saverUITestsLaunchTests.swift */ = {isa = PBXFileReference; lastKnownFileType = sourcecode.swift; path = keyword_item_saverUITestsLaunchTests.swift; sourceTree = "<group>"; };
/* End PBXFileReference section */

/* Begin PBXFrameworksBuildPhase section */
		105650F327C47900002E049E /* Frameworks */ = {
			isa = PBXFrameworksBuildPhase;
			buildActionMask = 2147483647;
			files = (
			);
			runOnlyForDeploymentPostprocessing = 0;
		};
		1056510327C47901002E049E /* Frameworks */ = {
			isa = PBXFrameworksBuildPhase;
			buildActionMask = 2147483647;
			files = (
			);
			runOnlyForDeploymentPostprocessing = 0;
		};
		1056510D27C47901002E049E /* Frameworks */ = {
			isa = PBXFrameworksBuildPhase;
			buildActionMask = 2147483647;
			files = (
			);
			runOnlyForDeploymentPostprocessing = 0;
		};
/* End PBXFrameworksBuildPhase section */

/* Begin PBXGroup section */
		105650ED27C47900002E049E = {
			isa = PBXGroup;
			children = (
				105650F827C47900002E049E /* keyword item saver */,
				1056510927C47901002E049E /* keyword item saverTests */,
				1056511327C47901002E049E /* keyword item saverUITests */,
				105650F727C47900002E049E /* Products */,
			);
			sourceTree = "<group>";
		};
		105650F727C47900002E049E /* Products */ = {
			isa = PBXGroup;
			children = (
				105650F627C47900002E049E /* keyword item saver.app */,
				1056510627C47901002E049E /* keyword item saverTests.xctest */,
				1056511027C47901002E049E /* keyword item saverUITests.xctest */,
			);
			name = Products;
			sourceTree = "<group>";
		};
		105650F827C47900002E049E /* keyword item saver */ = {
			isa = PBXGroup;
			children = (
				105650F927C47900002E049E /* keyword_item_saverApp.swift */,
				105650FB27C47900002E049E /* ContentView.swift */,
				101D74A827D5B0CF00B5DC5C /* makeColorCodableAgain.swift */,
				105650FD27C47901002E049E /* Assets.xcassets */,
				105650FF27C47901002E049E /* Preview Content */,
			);
			path = "keyword item saver";
			sourceTree = "<group>";
		};
		105650FF27C47901002E049E /* Preview Content */ = {
			isa = PBXGroup;
			children = (
				1056510027C47901002E049E /* Preview Assets.xcassets */,
			);
			path = "Preview Content";
			sourceTree = "<group>";
		};
		1056510927C47901002E049E /* keyword item saverTests */ = {
			isa = PBXGroup;
			children = (
				1056510A27C47901002E049E /* keyword_item_saverTests.swift */,
			);
			path = "keyword item saverTests";
			sourceTree = "<group>";
		};
		1056511327C47901002E049E /* keyword item saverUITests */ = {
			isa = PBXGroup;
			children = (
				1056511427C47901002E049E /* keyword_item_saverUITests.swift */,
				1056511627C47901002E049E /* keyword_item_saverUITestsLaunchTests.swift */,
			);
			path = "keyword item saverUITests";
			sourceTree = "<group>";
		};
/* End PBXGroup section */

/* Begin PBXNativeTarget section */
		105650F527C47900002E049E /* keyword item saver */ = {
			isa = PBXNativeTarget;
			buildConfigurationList = 1056511A27C47901002E049E /* Build configuration list for PBXNativeTarget "keyword item saver" */;
			buildPhases = (
				105650F227C47900002E049E /* Sources */,
				105650F327C47900002E049E /* Frameworks */,
				105650F427C47900002E049E /* Resources */,
			);
			buildRules = (
			);
			dependencies = (
			);
			name = "keyword item saver";
			productName = "keyword item saver";
			productReference = 105650F627C47900002E049E /* keyword item saver.app */;
			productType = "com.apple.product-type.application";
		};
		1056510527C47901002E049E /* keyword item saverTests */ = {
			isa = PBXNativeTarget;
			buildConfigurationList = 1056511D27C47901002E049E /* Build configuration list for PBXNativeTarget "keyword item saverTests" */;
			buildPhases = (
				1056510227C47901002E049E /* Sources */,
				1056510327C47901002E049E /* Frameworks */,
				1056510427C47901002E049E /* Resources */,
			);
			buildRules = (
			);
			dependencies = (
				1056510827C47901002E049E /* PBXTargetDependency */,
			);
			name = "keyword item saverTests";
			productName = "keyword item saverTests";
			productReference = 1056510627C47901002E049E /* keyword item saverTests.xctest */;
			productType = "com.apple.product-type.bundle.unit-test";
		};
		1056510F27C47901002E049E /* keyword item saverUITests */ = {
			isa = PBXNativeTarget;
			buildConfigurationList = 1056512027C47901002E049E /* Build configuration list for PBXNativeTarget "keyword item saverUITests" */;
			buildPhases = (
				1056510C27C47901002E049E /* Sources */,
				1056510D27C47901002E049E /* Frameworks */,
				1056510E27C47901002E049E /* Resources */,
			);
			buildRules = (
			);
			dependencies = (
				1056511227C47901002E049E /* PBXTargetDependency */,
			);
			name = "keyword item saverUITests";
			productName = "keyword item saverUITests";
			productReference = 1056511027C47901002E049E /* keyword item saverUITests.xctest */;
			productType = "com.apple.product-type.bundle.ui-testing";
		};
/* End PBXNativeTarget section */

/* Begin PBXProject section */
		105650EE27C47900002E049E /* Project object */ = {
			isa = PBXProject;
			attributes = {
				BuildIndependentTargetsInParallel = 1;
				LastSwiftUpdateCheck = 1320;
				LastUpgradeCheck = 1320;
				TargetAttributes = {
					105650F527C47900002E049E = {
						CreatedOnToolsVersion = 13.2.1;
					};
					1056510527C47901002E049E = {
						CreatedOnToolsVersion = 13.2.1;
						TestTargetID = 105650F527C47900002E049E;
					};
					1056510F27C47901002E049E = {
						CreatedOnToolsVersion = 13.2.1;
						TestTargetID = 105650F527C47900002E049E;
					};
				};
			};
			buildConfigurationList = 105650F127C47900002E049E /* Build configuration list for PBXProject "keyword item saver" */;
			compatibilityVersion = "Xcode 13.0";
			developmentRegion = en;
			hasScannedForEncodings = 0;
			knownRegions = (
				en,
				Base,
			);
			mainGroup = 105650ED27C47900002E049E;
			productRefGroup = 105650F727C47900002E049E /* Products */;
			projectDirPath = "";
			projectRoot = "";
			targets = (
				105650F527C47900002E049E /* keyword item saver */,
				1056510527C47901002E049E /* keyword item saverTests */,
				1056510F27C47901002E049E /* keyword item saverUITests */,
			);
		};
/* End PBXProject section */

/* Begin PBXResourcesBuildPhase section */
		105650F427C47900002E049E /* Resources */ = {
			isa = PBXResourcesBuildPhase;
			buildActionMask = 2147483647;
			files = (
				1056510127C47901002E049E /* Preview Assets.xcassets in Resources */,
				105650FE27C47901002E049E /* Assets.xcassets in Resources */,
			);
			runOnlyForDeploymentPostprocessing = 0;
		};
		1056510427C47901002E049E /* Resources */ = {
			isa = PBXResourcesBuildPhase;
			buildActionMask = 2147483647;
			files = (
			);
			runOnlyForDeploymentPostprocessing = 0;
		};
		1056510E27C47901002E049E /* Resources */ = {
			isa = PBXResourcesBuildPhase;
			buildActionMask = 2147483647;
			files = (
			);
			runOnlyForDeploymentPostprocessing = 0;
		};
/* End PBXResourcesBuildPhase section */

/* Begin PBXSourcesBuildPhase section */
		105650F227C47900002E049E /* Sources */ = {
			isa = PBXSourcesBuildPhase;
			buildActionMask = 2147483647;
			files = (
				105650FC27C47900002E049E /* ContentView.swift in Sources */,
				105650FA27C47900002E049E /* keyword_item_saverApp.swift in Sources */,
				101D74A927D5B0CF00B5DC5C /* makeColorCodableAgain.swift in Sources */,
			);
			runOnlyForDeploymentPostprocessing = 0;
		};
		1056510227C47901002E049E /* Sources */ = {
			isa = PBXSourcesBuildPhase;
			buildActionMask = 2147483647;
			files = (
				1056510B27C47901002E049E /* keyword_item_saverTests.swift in Sources */,
			);
			runOnlyForDeploymentPostprocessing = 0;
		};
		1056510C27C47901002E049E /* Sources */ = {
			isa = PBXSourcesBuildPhase;
			buildActionMask = 2147483647;
			files = (
				1056511527C47901002E049E /* keyword_item_saverUITests.swift in Sources */,
				1056511727C47901002E049E /* keyword_item_saverUITestsLaunchTests.swift in Sources */,
			);
			runOnlyForDeploymentPostprocessing = 0;
		};
/* End PBXSourcesBuildPhase section */

/* Begin PBXTargetDependency section */
		1056510827C47901002E049E /* PBXTargetDependency */ = {
			isa = PBXTargetDependency;
			target = 105650F527C47900002E049E /* keyword item saver */;
			targetProxy = 1056510727C47901002E049E /* PBXContainerItemProxy */;
		};
		1056511227C47901002E049E /* PBXTargetDependency */ = {
			isa = PBXTargetDependency;
			target = 105650F527C47900002E049E /* keyword item saver */;
			targetProxy = 1056511127C47901002E049E /* PBXContainerItemProxy */;
		};
/* End PBXTargetDependency section */

/* Begin XCBuildConfiguration section */
		1056511827C47901002E049E /* Debug */ = {
			isa = XCBuildConfiguration;
			buildSettings = {
				ALWAYS_SEARCH_USER_PATHS = NO;
				CLANG_ANALYZER_NONNULL = YES;
				CLANG_ANALYZER_NUMBER_OBJECT_CONVERSION = YES_AGGRESSIVE;
				CLANG_CXX_LANGUAGE_STANDARD = "gnu++17";
				CLANG_CXX_LIBRARY = "libc++";
				CLANG_ENABLE_MODULES = YES;
				CLANG_ENABLE_OBJC_ARC = YES;
				CLANG_ENABLE_OBJC_WEAK = YES;
				CLANG_WARN_BLOCK_CAPTURE_AUTORELEASING = YES;
				CLANG_WARN_BOOL_CONVERSION = YES;
				CLANG_WARN_COMMA = YES;
				CLANG_WARN_CONSTANT_CONVERSION = YES;
				CLANG_WARN_DEPRECATED_OBJC_IMPLEMENTATIONS = YES;
				CLANG_WARN_DIRECT_OBJC_ISA_USAGE = YES_ERROR;
				CLANG_WARN_DOCUMENTATION_COMMENTS = YES;
				CLANG_WARN_EMPTY_BODY = YES;
				CLANG_WARN_ENUM_CONVERSION = YES;
				CLANG_WARN_INFINITE_RECURSION = YES;
				CLANG_WARN_INT_CONVERSION = YES;
				CLANG_WARN_NON_LITERAL_NULL_CONVERSION = YES;
				CLANG_WARN_OBJC_IMPLICIT_RETAIN_SELF = YES;
				CLANG_WARN_OBJC_LITERAL_CONVERSION = YES;
				CLANG_WARN_OBJC_ROOT_CLASS = YES_ERROR;
				CLANG_WARN_QUOTED_INCLUDE_IN_FRAMEWORK_HEADER = YES;
				CLANG_WARN_RANGE_LOOP_ANALYSIS = YES;
				CLANG_WARN_STRICT_PROTOTYPES = YES;
				CLANG_WARN_SUSPICIOUS_MOVE = YES;
				CLANG_WARN_UNGUARDED_AVAILABILITY = YES_AGGRESSIVE;
				CLANG_WARN_UNREACHABLE_CODE = YES;
				CLANG_WARN__DUPLICATE_METHOD_MATCH = YES;
				COPY_PHASE_STRIP = NO;
				DEBUG_INFORMATION_FORMAT = dwarf;
				ENABLE_STRICT_OBJC_MSGSEND = YES;
				ENABLE_TESTABILITY = YES;
				GCC_C_LANGUAGE_STANDARD = gnu11;
				GCC_DYNAMIC_NO_PIC = NO;
				GCC_NO_COMMON_BLOCKS = YES;
				GCC_OPTIMIZATION_LEVEL = 0;
				GCC_PREPROCESSOR_DEFINITIONS = (
					"DEBUG=1",
					"$(inherited)",
				);
				GCC_WARN_64_TO_32_BIT_CONVERSION = YES;
				GCC_WARN_ABOUT_RETURN_TYPE = YES_ERROR;
				GCC_WARN_UNDECLARED_SELECTOR = YES;
				GCC_WARN_UNINITIALIZED_AUTOS = YES_AGGRESSIVE;
				GCC_WARN_UNUSED_FUNCTION = YES;
				GCC_WARN_UNUSED_VARIABLE = YES;
				IPHONEOS_DEPLOYMENT_TARGET = 15.4;
				MTL_ENABLE_DEBUG_INFO = INCLUDE_SOURCE;
				MTL_FAST_MATH = YES;
				ONLY_ACTIVE_ARCH = YES;
				SDKROOT = iphoneos;
				SWIFT_ACTIVE_COMPILATION_CONDITIONS = DEBUG;
				SWIFT_OPTIMIZATION_LEVEL = "-Onone";
			};
			name = Debug;
		};
		1056511927C47901002E049E /* Release */ = {
			isa = XCBuildConfiguration;
			buildSettings = {
				ALWAYS_SEARCH_USER_PATHS = NO;
				CLANG_ANALYZER_NONNULL = YES;
				CLANG_ANALYZER_NUMBER_OBJECT_CONVERSION = YES_AGGRESSIVE;
				CLANG_CXX_LANGUAGE_STANDARD = "gnu++17";
				CLANG_CXX_LIBRARY = "libc++";
				CLANG_ENABLE_MODULES = YES;
				CLANG_ENABLE_OBJC_ARC = YES;
				CLANG_ENABLE_OBJC_WEAK = YES;
				CLANG_WARN_BLOCK_CAPTURE_AUTORELEASING = YES;
				CLANG_WARN_BOOL_CONVERSION = YES;
				CLANG_WARN_COMMA = YES;
				CLANG_WARN_CONSTANT_CONVERSION = YES;
				CLANG_WARN_DEPRECATED_OBJC_IMPLEMENTATIONS = YES;
				CLANG_WARN_DIRECT_OBJC_ISA_USAGE = YES_ERROR;
				CLANG_WARN_DOCUMENTATION_COMMENTS = YES;
				CLANG_WARN_EMPTY_BODY = YES;
				CLANG_WARN_ENUM_CONVERSION = YES;
				CLANG_WARN_INFINITE_RECURSION = YES;
				CLANG_WARN_INT_CONVERSION = YES;
				CLANG_WARN_NON_LITERAL_NULL_CONVERSION = YES;
				CLANG_WARN_OBJC_IMPLICIT_RETAIN_SELF = YES;
				CLANG_WARN_OBJC_LITERAL_CONVERSION = YES;
				CLANG_WARN_OBJC_ROOT_CLASS = YES_ERROR;
				CLANG_WARN_QUOTED_INCLUDE_IN_FRAMEWORK_HEADER = YES;
				CLANG_WARN_RANGE_LOOP_ANALYSIS = YES;
				CLANG_WARN_STRICT_PROTOTYPES = YES;
				CLANG_WARN_SUSPICIOUS_MOVE = YES;
				CLANG_WARN_UNGUARDED_AVAILABILITY = YES_AGGRESSIVE;
				CLANG_WARN_UNREACHABLE_CODE = YES;
				CLANG_WARN__DUPLICATE_METHOD_MATCH = YES;
				COPY_PHASE_STRIP = NO;
				DEBUG_INFORMATION_FORMAT = "dwarf-with-dsym";
				ENABLE_NS_ASSERTIONS = NO;
				ENABLE_STRICT_OBJC_MSGSEND = YES;
				GCC_C_LANGUAGE_STANDARD = gnu11;
				GCC_NO_COMMON_BLOCKS = YES;
				GCC_WARN_64_TO_32_BIT_CONVERSION = YES;
				GCC_WARN_ABOUT_RETURN_TYPE = YES_ERROR;
				GCC_WARN_UNDECLARED_SELECTOR = YES;
				GCC_WARN_UNINITIALIZED_AUTOS = YES_AGGRESSIVE;
				GCC_WARN_UNUSED_FUNCTION = YES;
				GCC_WARN_UNUSED_VARIABLE = YES;
				IPHONEOS_DEPLOYMENT_TARGET = 15.4;
				MTL_ENABLE_DEBUG_INFO = NO;
				MTL_FAST_MATH = YES;
				SDKROOT = iphoneos;
				SWIFT_COMPILATION_MODE = wholemodule;
				SWIFT_OPTIMIZATION_LEVEL = "-O";
				VALIDATE_PRODUCT = YES;
			};
			name = Release;
		};
		1056511B27C47901002E049E /* Debug */ = {
			isa = XCBuildConfiguration;
			buildSettings = {
				ASSETCATALOG_COMPILER_APPICON_NAME = AppIcon;
				ASSETCATALOG_COMPILER_GLOBAL_ACCENT_COLOR_NAME = AccentColor;
				CODE_SIGN_STYLE = Automatic;
				CURRENT_PROJECT_VERSION = 1;
				DEVELOPMENT_ASSET_PATHS = "\"keyword item saver/Preview Content\"";
				DEVELOPMENT_TEAM = 6232MX4759;
				ENABLE_PREVIEWS = YES;
				GENERATE_INFOPLIST_FILE = YES;
				INFOPLIST_KEY_UIApplicationSceneManifest_Generation = YES;
				INFOPLIST_KEY_UIApplicationSupportsIndirectInputEvents = YES;
				INFOPLIST_KEY_UILaunchScreen_Generation = YES;
				INFOPLIST_KEY_UISupportedInterfaceOrientations_iPad = "UIInterfaceOrientationPortrait UIInterfaceOrientationPortraitUpsideDown UIInterfaceOrientationLandscapeLeft UIInterfaceOrientationLandscapeRight";
				INFOPLIST_KEY_UISupportedInterfaceOrientations_iPhone = "UIInterfaceOrientationPortrait UIInterfaceOrientationLandscapeLeft UIInterfaceOrientationLandscapeRight";
				LD_RUNPATH_SEARCH_PATHS = (
					"$(inherited)",
					"@executable_path/Frameworks",
				);
				MARKETING_VERSION = 1.0;
				PRODUCT_BUNDLE_IDENTIFIER = "robertwiebe.keyword-item-saver";
				PRODUCT_NAME = "keyword item saver";
				SWIFT_EMIT_LOC_STRINGS = YES;
				SWIFT_VERSION = 5.0;
				TARGETED_DEVICE_FAMILY = "1,2";
			};
			name = Debug;
		};
		1056511C27C47901002E049E /* Release */ = {
			isa = XCBuildConfiguration;
			buildSettings = {
				ASSETCATALOG_COMPILER_APPICON_NAME = AppIcon;
				ASSETCATALOG_COMPILER_GLOBAL_ACCENT_COLOR_NAME = AccentColor;
				CODE_SIGN_STYLE = Automatic;
				CURRENT_PROJECT_VERSION = 1;
				DEVELOPMENT_ASSET_PATHS = "\"keyword item saver/Preview Content\"";
				DEVELOPMENT_TEAM = 6232MX4759;
				ENABLE_PREVIEWS = YES;
				GENERATE_INFOPLIST_FILE = YES;
				INFOPLIST_KEY_UIApplicationSceneManifest_Generation = YES;
				INFOPLIST_KEY_UIApplicationSupportsIndirectInputEvents = YES;
				INFOPLIST_KEY_UILaunchScreen_Generation = YES;
				INFOPLIST_KEY_UISupportedInterfaceOrientations_iPad = "UIInterfaceOrientationPortrait UIInterfaceOrientationPortraitUpsideDown UIInterfaceOrientationLandscapeLeft UIInterfaceOrientationLandscapeRight";
				INFOPLIST_KEY_UISupportedInterfaceOrientations_iPhone = "UIInterfaceOrientationPortrait UIInterfaceOrientationLandscapeLeft UIInterfaceOrientationLandscapeRight";
				LD_RUNPATH_SEARCH_PATHS = (
					"$(inherited)",
					"@executable_path/Frameworks",
				);
				MARKETING_VERSION = 1.0;
				PRODUCT_BUNDLE_IDENTIFIER = "robertwiebe.keyword-item-saver";
				PRODUCT_NAME = "keyword item saver";
				SWIFT_EMIT_LOC_STRINGS = YES;
				SWIFT_VERSION = 5.0;
				TARGETED_DEVICE_FAMILY = "1,2";
			};
			name = Release;
		};
		1056511E27C47901002E049E /* Debug */ = {
			isa = XCBuildConfiguration;
			buildSettings = {
				ALWAYS_EMBED_SWIFT_STANDARD_LIBRARIES = YES;
				BUNDLE_LOADER = "$(TEST_HOST)";
				CODE_SIGN_STYLE = Automatic;
				CURRENT_PROJECT_VERSION = 1;
				DEVELOPMENT_TEAM = 6232MX4759;
				GENERATE_INFOPLIST_FILE = YES;
				IPHONEOS_DEPLOYMENT_TARGET = 15.2;
				MARKETING_VERSION = 1.0;
				PRODUCT_BUNDLE_IDENTIFIER = "robertwiebe.keyword-item-saverTests";
				PRODUCT_NAME = "$(TARGET_NAME)";
				SWIFT_EMIT_LOC_STRINGS = NO;
				SWIFT_VERSION = 5.0;
				TARGETED_DEVICE_FAMILY = "1,2";
				TEST_HOST = "$(BUILT_PRODUCTS_DIR)/keyword item saver.app/keyword item saver";
			};
			name = Debug;
		};
		1056511F27C47901002E049E /* Release */ = {
			isa = XCBuildConfiguration;
			buildSettings = {
				ALWAYS_EMBED_SWIFT_STANDARD_LIBRARIES = YES;
				BUNDLE_LOADER = "$(TEST_HOST)";
				CODE_SIGN_STYLE = Automatic;
				CURRENT_PROJECT_VERSION = 1;
				DEVELOPMENT_TEAM = 6232MX4759;
				GENERATE_INFOPLIST_FILE = YES;
				IPHONEOS_DEPLOYMENT_TARGET = 15.2;
				MARKETING_VERSION = 1.0;
				PRODUCT_BUNDLE_IDENTIFIER = "robertwiebe.keyword-item-saverTests";
				PRODUCT_NAME = "$(TARGET_NAME)";
				SWIFT_EMIT_LOC_STRINGS = NO;
				SWIFT_VERSION = 5.0;
				TARGETED_DEVICE_FAMILY = "1,2";
				TEST_HOST = "$(BUILT_PRODUCTS_DIR)/keyword item saver.app/keyword item saver";
			};
			name = Release;
		};
		1056512127C47901002E049E /* Debug */ = {
			isa = XCBuildConfiguration;
			buildSettings = {
				ALWAYS_EMBED_SWIFT_STANDARD_LIBRARIES = YES;
				CODE_SIGN_STYLE = Automatic;
				CURRENT_PROJECT_VERSION = 1;
				DEVELOPMENT_TEAM = 6232MX4759;
				GENERATE_INFOPLIST_FILE = YES;
				MARKETING_VERSION = 1.0;
				PRODUCT_BUNDLE_IDENTIFIER = "robertwiebe.keyword-item-saverUITests";
				PRODUCT_NAME = "$(TARGET_NAME)";
				SWIFT_EMIT_LOC_STRINGS = NO;
				SWIFT_VERSION = 5.0;
				TARGETED_DEVICE_FAMILY = "1,2";
				TEST_TARGET_NAME = "keyword item saver";
			};
			name = Debug;
		};
		1056512227C47901002E049E /* Release */ = {
			isa = XCBuildConfiguration;
			buildSettings = {
				ALWAYS_EMBED_SWIFT_STANDARD_LIBRARIES = YES;
				CODE_SIGN_STYLE = Automatic;
				CURRENT_PROJECT_VERSION = 1;
				DEVELOPMENT_TEAM = 6232MX4759;
				GENERATE_INFOPLIST_FILE = YES;
				MARKETING_VERSION = 1.0;
				PRODUCT_BUNDLE_IDENTIFIER = "robertwiebe.keyword-item-saverUITests";
				PRODUCT_NAME = "$(TARGET_NAME)";
				SWIFT_EMIT_LOC_STRINGS = NO;
				SWIFT_VERSION = 5.0;
				TARGETED_DEVICE_FAMILY = "1,2";
				TEST_TARGET_NAME = "keyword item saver";
			};
			name = Release;
		};
/* End XCBuildConfiguration section */

/* Begin XCConfigurationList section */
		105650F127C47900002E049E /* Build configuration list for PBXProject "keyword item saver" */ = {
			isa = XCConfigurationList;
			buildConfigurations = (
				1056511827C47901002E049E /* Debug */,
				1056511927C47901002E049E /* Release */,
			);
			defaultConfigurationIsVisible = 0;
			defaultConfigurationName = Release;
		};
		1056511A27C47901002E049E /* Build configuration list for PBXNativeTarget "keyword item saver" */ = {
			isa = XCConfigurationList;
			buildConfigurations = (
				1056511B27C47901002E049E /* Debug */,
				1056511C27C47901002E049E /* Release */,
			);
			defaultConfigurationIsVisible = 0;
			defaultConfigurationName = Release;
		};
		1056511D27C47901002E049E /* Build configuration list for PBXNativeTarget "keyword item saverTests" */ = {
			isa = XCConfigurationList;
			buildConfigurations = (
				1056511E27C47901002E049E /* Debug */,
				1056511F27C47901002E049E /* Release */,
			);
			defaultConfigurationIsVisible = 0;
			defaultConfigurationName = Release;
		};
		1056512027C47901002E049E /* Build configuration list for PBXNativeTarget "keyword item saverUITests" */ = {
			isa = XCConfigurationList;
			buildConfigurations = (
				1056512127C47901002E049E /* Debug */,
				1056512227C47901002E049E /* Release */,
			);
			defaultConfigurationIsVisible = 0;
			defaultConfigurationName = Release;
		};
/* End XCConfigurationList section */
	};
	rootObject = 105650EE27C47900002E049E /* Project object */;
}
